
Microsoft Visual Studio Solution File, Format Version 12.00
# Visual Studio Version 17
VisualStudioVersion = 17.11.35327.3
MinimumVisualStudioVersion = 10.0.40219.1
Project("{FAE04EC0-301F-11D3-BF4B-00C04F79EFBC}") = "i21-zad2", "i21-zad2.csproj", "{971F589E-6CBC-44DB-9BC1-0D10BE59EBE0}"
EndProject
Global
	GlobalSection(SolutionConfigurationPlatforms) = preSolution
		Debug|Any CPU = Debug|Any CPU
		Release|Any CPU = Release|Any CPU
	EndGlobalSection
	GlobalSection(ProjectConfigurationPlatforms) = postSolution
		{971F589E-6CBC-44DB-9BC1-0D10BE59EBE0}.Debug|Any CPU.ActiveCfg = Debug|Any CPU
		{971F589E-6CBC-44DB-9BC1-0D10BE59EBE0}.Debug|Any CPU.Build.0 = Debug|Any CPU
		{971F589E-6CBC-44DB-9BC1-0D10BE59EBE0}.Release|Any CPU.ActiveCfg = Release|Any CPU
		{971F589E-6CBC-44DB-9BC1-0D10BE59EBE0}.Release|Any CPU.Build.0 = Release|Any CPU
	EndGlobalSection
	GlobalSection(SolutionProperties) = preSolution
		HideSolutionNode = FALSE
	EndGlobalSection
	GlobalSection(ExtensibilityGlobals) = postSolution
		SolutionGuid = {4BE1A229-389B-45F7-91D8-7738877C5140}
	EndGlobalSection
EndGlobal
